
Microsoft Visual Studio Solution File, Format Version 12.00
# Visual Studio 15
VisualStudioVersion = 15.0.27004.2010
MinimumVisualStudioVersion = 10.0.40219.1
Project("{FAE04EC0-301F-11D3-BF4B-00C04F79EFBC}") = "DDD_Dropshipping.UI.Web", "src\DDD_Dropshipping.UI.Web\DDD_Dropshipping.UI.Web.csproj", "{55DE9156-378D-4ACE-82EF-DF8FC347D8F2}"
EndProject
Global
	GlobalSection(SolutionConfigurationPlatforms) = preSolution
		Debug|Any CPU = Debug|Any CPU
		Release|Any CPU = Release|Any CPU
	EndGlobalSection
	GlobalSection(ProjectConfigurationPlatforms) = postSolution
		{55DE9156-378D-4ACE-82EF-DF8FC347D8F2}.Debug|Any CPU.ActiveCfg = Debug|Any CPU
		{55DE9156-378D-4ACE-82EF-DF8FC347D8F2}.Debug|Any CPU.Build.0 = Debug|Any CPU
		{55DE9156-378D-4ACE-82EF-DF8FC347D8F2}.Release|Any CPU.ActiveCfg = Release|Any CPU
		{55DE9156-378D-4ACE-82EF-DF8FC347D8F2}.Release|Any CPU.Build.0 = Release|Any CPU
	EndGlobalSection
	GlobalSection(SolutionProperties) = preSolution
		HideSolutionNode = FALSE
	EndGlobalSection
	GlobalSection(ExtensibilityGlobals) = postSolution
		SolutionGuid = {94C40778-A929-486F-ADAE-28CE3681D7FF}
	EndGlobalSection
EndGlobal
